// !$*UTF8*$!
{
	archiveVersion = 1;
	classes = {
	};
	objectVersion = 50;
	objects = {

/* Begin PBXBuildFile section */
		B643CBDD23749A3900368E40 /* AppDelegate.swift in Sources */ = {isa = PBXBuildFile; fileRef = B643CBDC23749A3900368E40 /* AppDelegate.swift */; };
		B643CBDF23749A3900368E40 /* SceneDelegate.swift in Sources */ = {isa = PBXBuildFile; fileRef = B643CBDE23749A3900368E40 /* SceneDelegate.swift */; };
		B643CBE623749A3B00368E40 /* Assets.xcassets in Resources */ = {isa = PBXBuildFile; fileRef = B643CBE523749A3B00368E40 /* Assets.xcassets */; };
		B643CBE923749A3B00368E40 /* LaunchScreen.storyboard in Resources */ = {isa = PBXBuildFile; fileRef = B643CBE723749A3B00368E40 /* LaunchScreen.storyboard */; };
		B643CBF223749B5300368E40 /* HomeScreenViewController.swift in Sources */ = {isa = PBXBuildFile; fileRef = B643CBF123749B5300368E40 /* HomeScreenViewController.swift */; };
		B643CBF72374A26300368E40 /* SelectPlaceViewController.swift in Sources */ = {isa = PBXBuildFile; fileRef = B643CBF62374A26300368E40 /* SelectPlaceViewController.swift */; };
		B643CBF92374A3B900368E40 /* NavigationBar.swift in Sources */ = {isa = PBXBuildFile; fileRef = B643CBF82374A3B900368E40 /* NavigationBar.swift */; };
		B643CBFB2374A54A00368E40 /* SelectPlaceTableViewController.swift in Sources */ = {isa = PBXBuildFile; fileRef = B643CBFA2374A54A00368E40 /* SelectPlaceTableViewController.swift */; };
		B643CBFD2374AA7600368E40 /* OrderResume.swift in Sources */ = {isa = PBXBuildFile; fileRef = B643CBFC2374AA7600368E40 /* OrderResume.swift */; };
		B6511AD123788132000FF6DE /* EstimateAmountViewController.swift in Sources */ = {isa = PBXBuildFile; fileRef = B6511AD023788132000FF6DE /* EstimateAmountViewController.swift */; };
		B6511AD323789423000FF6DE /* TextFormatter.swift in Sources */ = {isa = PBXBuildFile; fileRef = B6511AD223789423000FF6DE /* TextFormatter.swift */; };
		B6511AD523789B74000FF6DE /* LocationViewController.swift in Sources */ = {isa = PBXBuildFile; fileRef = B6511AD423789B74000FF6DE /* LocationViewController.swift */; };
		B6511AD72378C666000FF6DE /* Checkout.swift in Sources */ = {isa = PBXBuildFile; fileRef = B6511AD62378C666000FF6DE /* Checkout.swift */; };
		B65471352380CBF60020949D /* LoadingView.swift in Sources */ = {isa = PBXBuildFile; fileRef = B65471342380CBF60020949D /* LoadingView.swift */; };
		B65471372380DE6F0020949D /* ActivityIndicator.swift in Sources */ = {isa = PBXBuildFile; fileRef = B65471362380DE6F0020949D /* ActivityIndicator.swift */; };
		B6560DE9237DEE750043C319 /* LocationViewControllerExDesign.swift in Sources */ = {isa = PBXBuildFile; fileRef = B6560DE8237DEE750043C319 /* LocationViewControllerExDesign.swift */; };
		B6560DED237E05A40043C319 /* CreditCardData.swift in Sources */ = {isa = PBXBuildFile; fileRef = B6560DEC237E05A40043C319 /* CreditCardData.swift */; };
		B65BDFAC237F2E540088B9C9 /* CreditCardViewControllerDesign.swift in Sources */ = {isa = PBXBuildFile; fileRef = B65BDFAB237F2E540088B9C9 /* CreditCardViewControllerDesign.swift */; };
		B65BDFAE237F4B560088B9C9 /* LocationViewControllerExFinalizeOrder.swift in Sources */ = {isa = PBXBuildFile; fileRef = B65BDFAD237F4B560088B9C9 /* LocationViewControllerExFinalizeOrder.swift */; };
		B65BDFB2237F560C0088B9C9 /* OrderApproved.swift in Sources */ = {isa = PBXBuildFile; fileRef = B65BDFB1237F560C0088B9C9 /* OrderApproved.swift */; };
		B65BDFB4237F6AE70088B9C9 /* OrderApprovedDesign.swift in Sources */ = {isa = PBXBuildFile; fileRef = B65BDFB3237F6AE70088B9C9 /* OrderApprovedDesign.swift */; };
		B662E39B2375C43800ED4404 /* PlacesCell.swift in Sources */ = {isa = PBXBuildFile; fileRef = B662E39A2375C43800ED4404 /* PlacesCell.swift */; };
		B662E39D2375F19200ED4404 /* OrderViewController.swift in Sources */ = {isa = PBXBuildFile; fileRef = B662E39C2375F19200ED4404 /* OrderViewController.swift */; };
		B666A1F4237B07B8006C3B44 /* CreditCardViewController.swift in Sources */ = {isa = PBXBuildFile; fileRef = B666A1F3237B07B8006C3B44 /* CreditCardViewController.swift */; };
		B666A1F6237B0839006C3B44 /* OrderViewControllerDesign.swift in Sources */ = {isa = PBXBuildFile; fileRef = B666A1F5237B0839006C3B44 /* OrderViewControllerDesign.swift */; };
		B666A1F8237B095C006C3B44 /* EstimateAmountDesign.swift in Sources */ = {isa = PBXBuildFile; fileRef = B666A1F7237B095C006C3B44 /* EstimateAmountDesign.swift */; };
		B666A1FC237B68F7006C3B44 /* LocationViewControllerExLocation.swift in Sources */ = {isa = PBXBuildFile; fileRef = B666A1FB237B68F7006C3B44 /* LocationViewControllerExLocation.swift */; };
		B666A1FE237B7DBC006C3B44 /* ValueResponse.swift in Sources */ = {isa = PBXBuildFile; fileRef = B666A1FD237B7DBC006C3B44 /* ValueResponse.swift */; };
		B666A200237B7E75006C3B44 /* LocationViewControllerExPost.swift in Sources */ = {isa = PBXBuildFile; fileRef = B666A1FF237B7E75006C3B44 /* LocationViewControllerExPost.swift */; };
		B6EAD36F23761DE30090E631 /* Lines.swift in Sources */ = {isa = PBXBuildFile; fileRef = B6EAD36E23761DE30090E631 /* Lines.swift */; };
/* End PBXBuildFile section */

/* Begin PBXFileReference section */
		B643CBD923749A3900368E40 /* TesteGooglePlaces.app */ = {isa = PBXFileReference; explicitFileType = wrapper.application; includeInIndex = 0; path = TesteGooglePlaces.app; sourceTree = BUILT_PRODUCTS_DIR; };
		B643CBDC23749A3900368E40 /* AppDelegate.swift */ = {isa = PBXFileReference; lastKnownFileType = sourcecode.swift; path = AppDelegate.swift; sourceTree = "<group>"; };
		B643CBDE23749A3900368E40 /* SceneDelegate.swift */ = {isa = PBXFileReference; lastKnownFileType = sourcecode.swift; path = SceneDelegate.swift; sourceTree = "<group>"; };
		B643CBE523749A3B00368E40 /* Assets.xcassets */ = {isa = PBXFileReference; lastKnownFileType = folder.assetcatalog; path = Assets.xcassets; sourceTree = "<group>"; };
		B643CBE823749A3B00368E40 /* Base */ = {isa = PBXFileReference; lastKnownFileType = file.storyboard; name = Base; path = Base.lproj/LaunchScreen.storyboard; sourceTree = "<group>"; };
		B643CBEA23749A3B00368E40 /* Info.plist */ = {isa = PBXFileReference; lastKnownFileType = text.plist.xml; path = Info.plist; sourceTree = "<group>"; };
		B643CBF123749B5300368E40 /* HomeScreenViewController.swift */ = {isa = PBXFileReference; lastKnownFileType = sourcecode.swift; path = HomeScreenViewController.swift; sourceTree = "<group>"; };
		B643CBF62374A26300368E40 /* SelectPlaceViewController.swift */ = {isa = PBXFileReference; lastKnownFileType = sourcecode.swift; path = SelectPlaceViewController.swift; sourceTree = "<group>"; };
		B643CBF82374A3B900368E40 /* NavigationBar.swift */ = {isa = PBXFileReference; lastKnownFileType = sourcecode.swift; path = NavigationBar.swift; sourceTree = "<group>"; };
		B643CBFA2374A54A00368E40 /* SelectPlaceTableViewController.swift */ = {isa = PBXFileReference; lastKnownFileType = sourcecode.swift; path = SelectPlaceTableViewController.swift; sourceTree = "<group>"; };
		B643CBFC2374AA7600368E40 /* OrderResume.swift */ = {isa = PBXFileReference; lastKnownFileType = sourcecode.swift; path = OrderResume.swift; sourceTree = "<group>"; };
		B6511AD023788132000FF6DE /* EstimateAmountViewController.swift */ = {isa = PBXFileReference; lastKnownFileType = sourcecode.swift; path = EstimateAmountViewController.swift; sourceTree = "<group>"; };
		B6511AD223789423000FF6DE /* TextFormatter.swift */ = {isa = PBXFileReference; lastKnownFileType = sourcecode.swift; path = TextFormatter.swift; sourceTree = "<group>"; };
		B6511AD423789B74000FF6DE /* LocationViewController.swift */ = {isa = PBXFileReference; lastKnownFileType = sourcecode.swift; path = LocationViewController.swift; sourceTree = "<group>"; };
		B6511AD62378C666000FF6DE /* Checkout.swift */ = {isa = PBXFileReference; lastKnownFileType = sourcecode.swift; path = Checkout.swift; sourceTree = "<group>"; };
		B65471342380CBF60020949D /* LoadingView.swift */ = {isa = PBXFileReference; lastKnownFileType = sourcecode.swift; path = LoadingView.swift; sourceTree = "<group>"; };
		B65471362380DE6F0020949D /* ActivityIndicator.swift */ = {isa = PBXFileReference; lastKnownFileType = sourcecode.swift; path = ActivityIndicator.swift; sourceTree = "<group>"; };
		B6560DE8237DEE750043C319 /* LocationViewControllerExDesign.swift */ = {isa = PBXFileReference; lastKnownFileType = sourcecode.swift; path = LocationViewControllerExDesign.swift; sourceTree = "<group>"; };
		B6560DEC237E05A40043C319 /* CreditCardData.swift */ = {isa = PBXFileReference; lastKnownFileType = sourcecode.swift; path = CreditCardData.swift; sourceTree = "<group>"; };
		B65BDFAB237F2E540088B9C9 /* CreditCardViewControllerDesign.swift */ = {isa = PBXFileReference; lastKnownFileType = sourcecode.swift; path = CreditCardViewControllerDesign.swift; sourceTree = "<group>"; };
		B65BDFAD237F4B560088B9C9 /* LocationViewControllerExFinalizeOrder.swift */ = {isa = PBXFileReference; lastKnownFileType = sourcecode.swift; path = LocationViewControllerExFinalizeOrder.swift; sourceTree = "<group>"; };
		B65BDFB1237F560C0088B9C9 /* OrderApproved.swift */ = {isa = PBXFileReference; lastKnownFileType = sourcecode.swift; path = OrderApproved.swift; sourceTree = "<group>"; };
		B65BDFB3237F6AE70088B9C9 /* OrderApprovedDesign.swift */ = {isa = PBXFileReference; lastKnownFileType = sourcecode.swift; path = OrderApprovedDesign.swift; sourceTree = "<group>"; };
		B662E39A2375C43800ED4404 /* PlacesCell.swift */ = {isa = PBXFileReference; lastKnownFileType = sourcecode.swift; path = PlacesCell.swift; sourceTree = "<group>"; };
		B662E39C2375F19200ED4404 /* OrderViewController.swift */ = {isa = PBXFileReference; lastKnownFileType = sourcecode.swift; path = OrderViewController.swift; sourceTree = "<group>"; };
		B666A1F3237B07B8006C3B44 /* CreditCardViewController.swift */ = {isa = PBXFileReference; lastKnownFileType = sourcecode.swift; path = CreditCardViewController.swift; sourceTree = "<group>"; };
		B666A1F5237B0839006C3B44 /* OrderViewControllerDesign.swift */ = {isa = PBXFileReference; lastKnownFileType = sourcecode.swift; path = OrderViewControllerDesign.swift; sourceTree = "<group>"; };
		B666A1F7237B095C006C3B44 /* EstimateAmountDesign.swift */ = {isa = PBXFileReference; lastKnownFileType = sourcecode.swift; path = EstimateAmountDesign.swift; sourceTree = "<group>"; };
		B666A1FB237B68F7006C3B44 /* LocationViewControllerExLocation.swift */ = {isa = PBXFileReference; lastKnownFileType = sourcecode.swift; path = LocationViewControllerExLocation.swift; sourceTree = "<group>"; };
		B666A1FD237B7DBC006C3B44 /* ValueResponse.swift */ = {isa = PBXFileReference; lastKnownFileType = sourcecode.swift; path = ValueResponse.swift; sourceTree = "<group>"; };
		B666A1FF237B7E75006C3B44 /* LocationViewControllerExPost.swift */ = {isa = PBXFileReference; lastKnownFileType = sourcecode.swift; path = LocationViewControllerExPost.swift; sourceTree = "<group>"; };
		B6EAD36E23761DE30090E631 /* Lines.swift */ = {isa = PBXFileReference; lastKnownFileType = sourcecode.swift; path = Lines.swift; sourceTree = "<group>"; };
/* End PBXFileReference section */

/* Begin PBXFrameworksBuildPhase section */
		B643CBD623749A3900368E40 /* Frameworks */ = {
			isa = PBXFrameworksBuildPhase;
			buildActionMask = 2147483647;
			files = (
			);
			runOnlyForDeploymentPostprocessing = 0;
		};
/* End PBXFrameworksBuildPhase section */

/* Begin PBXGroup section */
		B643CBD023749A3900368E40 = {
			isa = PBXGroup;
			children = (
				B643CBDB23749A3900368E40 /* TesteGooglePlaces */,
				B643CBDA23749A3900368E40 /* Products */,
			);
			sourceTree = "<group>";
		};
		B643CBDA23749A3900368E40 /* Products */ = {
			isa = PBXGroup;
			children = (
				B643CBD923749A3900368E40 /* TesteGooglePlaces.app */,
			);
			name = Products;
			sourceTree = "<group>";
		};
		B643CBDB23749A3900368E40 /* TesteGooglePlaces */ = {
			isa = PBXGroup;
			children = (
				B643CBF423749EBD00368E40 /* Data */,
				B643CBF523749ECA00368E40 /* ViewController */,
				B643CBF023749B3B00368E40 /* Design */,
				B643CBF323749C9100368E40 /* Supporting Files */,
			);
			path = TesteGooglePlaces;
			sourceTree = "<group>";
		};
		B643CBF023749B3B00368E40 /* Design */ = {
			isa = PBXGroup;
			children = (
				B643CBF123749B5300368E40 /* HomeScreenViewController.swift */,
				B666A1F5237B0839006C3B44 /* OrderViewControllerDesign.swift */,
				B666A1F1237B062D006C3B44 /* SelectPlaceView */,
				B666A1F7237B095C006C3B44 /* EstimateAmountDesign.swift */,
				B6560DE8237DEE750043C319 /* LocationViewControllerExDesign.swift */,
				B65BDFAB237F2E540088B9C9 /* CreditCardViewControllerDesign.swift */,
				B666A1F2237B0664006C3B44 /* Others */,
				B65BDFB3237F6AE70088B9C9 /* OrderApprovedDesign.swift */,
			);
			path = Design;
			sourceTree = "<group>";
		};
		B643CBF323749C9100368E40 /* Supporting Files */ = {
			isa = PBXGroup;
			children = (
				B643CBDC23749A3900368E40 /* AppDelegate.swift */,
				B643CBDE23749A3900368E40 /* SceneDelegate.swift */,
				B643CBE523749A3B00368E40 /* Assets.xcassets */,
				B643CBE723749A3B00368E40 /* LaunchScreen.storyboard */,
				B643CBEA23749A3B00368E40 /* Info.plist */,
			);
			path = "Supporting Files";
			sourceTree = "<group>";
		};
		B643CBF423749EBD00368E40 /* Data */ = {
			isa = PBXGroup;
			children = (
				B643CBFC2374AA7600368E40 /* OrderResume.swift */,
				B6511AD62378C666000FF6DE /* Checkout.swift */,
				B666A1FD237B7DBC006C3B44 /* ValueResponse.swift */,
				B6560DEC237E05A40043C319 /* CreditCardData.swift */,
			);
			path = Data;
			sourceTree = "<group>";
		};
		B643CBF523749ECA00368E40 /* ViewController */ = {
			isa = PBXGroup;
			children = (
				B662E39C2375F19200ED4404 /* OrderViewController.swift */,
				B643CBFA2374A54A00368E40 /* SelectPlaceTableViewController.swift */,
				B6511AD023788132000FF6DE /* EstimateAmountViewController.swift */,
				B6560DEB237DEEE80043C319 /* LocationView */,
				B666A1F3237B07B8006C3B44 /* CreditCardViewController.swift */,
				B65BDFB1237F560C0088B9C9 /* OrderApproved.swift */,
			);
			path = ViewController;
			sourceTree = "<group>";
		};
		B6560DEB237DEEE80043C319 /* LocationView */ = {
			isa = PBXGroup;
			children = (
				B6511AD423789B74000FF6DE /* LocationViewController.swift */,
				B666A1FB237B68F7006C3B44 /* LocationViewControllerExLocation.swift */,
				B666A1FF237B7E75006C3B44 /* LocationViewControllerExPost.swift */,
				B65BDFAD237F4B560088B9C9 /* LocationViewControllerExFinalizeOrder.swift */,
			);
			path = LocationView;
			sourceTree = "<group>";
		};
		B666A1F1237B062D006C3B44 /* SelectPlaceView */ = {
			isa = PBXGroup;
			children = (
				B643CBF62374A26300368E40 /* SelectPlaceViewController.swift */,
				B662E39A2375C43800ED4404 /* PlacesCell.swift */,
			);
			path = SelectPlaceView;
			sourceTree = "<group>";
		};
		B666A1F2237B0664006C3B44 /* Others */ = {
			isa = PBXGroup;
			children = (
				B643CBF82374A3B900368E40 /* NavigationBar.swift */,
				B6EAD36E23761DE30090E631 /* Lines.swift */,
				B6511AD223789423000FF6DE /* TextFormatter.swift */,
				B65471342380CBF60020949D /* LoadingView.swift */,
				B65471362380DE6F0020949D /* ActivityIndicator.swift */,
			);
			path = Others;
			sourceTree = "<group>";
		};
/* End PBXGroup section */

/* Begin PBXNativeTarget section */
		B643CBD823749A3900368E40 /* TesteGooglePlaces */ = {
			isa = PBXNativeTarget;
			buildConfigurationList = B643CBED23749A3B00368E40 /* Build configuration list for PBXNativeTarget "TesteGooglePlaces" */;
			buildPhases = (
				B643CBD523749A3900368E40 /* Sources */,
				B643CBD623749A3900368E40 /* Frameworks */,
				B643CBD723749A3900368E40 /* Resources */,
			);
			buildRules = (
			);
			dependencies = (
			);
			name = TesteGooglePlaces;
			productName = TesteGooglePlaces;
			productReference = B643CBD923749A3900368E40 /* TesteGooglePlaces.app */;
			productType = "com.apple.product-type.application";
		};
/* End PBXNativeTarget section */

/* Begin PBXProject section */
		B643CBD123749A3900368E40 /* Project object */ = {
			isa = PBXProject;
			attributes = {
				LastSwiftUpdateCheck = 1120;
				LastUpgradeCheck = 1120;
				ORGANIZATIONNAME = "Kelvin Batista Machado";
				TargetAttributes = {
					B643CBD823749A3900368E40 = {
						CreatedOnToolsVersion = 11.2;
					};
				};
			};
			buildConfigurationList = B643CBD423749A3900368E40 /* Build configuration list for PBXProject "TesteGooglePlaces" */;
			compatibilityVersion = "Xcode 9.3";
			developmentRegion = en;
			hasScannedForEncodings = 0;
			knownRegions = (
				en,
				Base,
			);
			mainGroup = B643CBD023749A3900368E40;
			productRefGroup = B643CBDA23749A3900368E40 /* Products */;
			projectDirPath = "";
			projectRoot = "";
			targets = (
				B643CBD823749A3900368E40 /* TesteGooglePlaces */,
			);
		};
/* End PBXProject section */

/* Begin PBXResourcesBuildPhase section */
		B643CBD723749A3900368E40 /* Resources */ = {
			isa = PBXResourcesBuildPhase;
			buildActionMask = 2147483647;
			files = (
				B643CBE923749A3B00368E40 /* LaunchScreen.storyboard in Resources */,
				B643CBE623749A3B00368E40 /* Assets.xcassets in Resources */,
			);
			runOnlyForDeploymentPostprocessing = 0;
		};
/* End PBXResourcesBuildPhase section */

/* Begin PBXSourcesBuildPhase section */
		B643CBD523749A3900368E40 /* Sources */ = {
			isa = PBXSourcesBuildPhase;
			buildActionMask = 2147483647;
			files = (
				B65BDFB2237F560C0088B9C9 /* OrderApproved.swift in Sources */,
				B65BDFAC237F2E540088B9C9 /* CreditCardViewControllerDesign.swift in Sources */,
				B6560DED237E05A40043C319 /* CreditCardData.swift in Sources */,
				B643CBF92374A3B900368E40 /* NavigationBar.swift in Sources */,
				B65471372380DE6F0020949D /* ActivityIndicator.swift in Sources */,
				B666A1FC237B68F7006C3B44 /* LocationViewControllerExLocation.swift in Sources */,
				B6560DE9237DEE750043C319 /* LocationViewControllerExDesign.swift in Sources */,
				B6EAD36F23761DE30090E631 /* Lines.swift in Sources */,
				B662E39D2375F19200ED4404 /* OrderViewController.swift in Sources */,
				B6511AD523789B74000FF6DE /* LocationViewController.swift in Sources */,
				B65BDFB4237F6AE70088B9C9 /* OrderApprovedDesign.swift in Sources */,
				B6511AD323789423000FF6DE /* TextFormatter.swift in Sources */,
				B6511AD123788132000FF6DE /* EstimateAmountViewController.swift in Sources */,
				B666A1F8237B095C006C3B44 /* EstimateAmountDesign.swift in Sources */,
				B6511AD72378C666000FF6DE /* Checkout.swift in Sources */,
				B666A1F6237B0839006C3B44 /* OrderViewControllerDesign.swift in Sources */,
				B65471352380CBF60020949D /* LoadingView.swift in Sources */,
				B643CBDD23749A3900368E40 /* AppDelegate.swift in Sources */,
				B643CBDF23749A3900368E40 /* SceneDelegate.swift in Sources */,
				B666A1FE237B7DBC006C3B44 /* ValueResponse.swift in Sources */,
				B662E39B2375C43800ED4404 /* PlacesCell.swift in Sources */,
				B65BDFAE237F4B560088B9C9 /* LocationViewControllerExFinalizeOrder.swift in Sources */,
				B643CBF72374A26300368E40 /* SelectPlaceViewController.swift in Sources */,
				B643CBF223749B5300368E40 /* HomeScreenViewController.swift in Sources */,
				B666A200237B7E75006C3B44 /* LocationViewControllerExPost.swift in Sources */,
				B643CBFD2374AA7600368E40 /* OrderResume.swift in Sources */,
				B643CBFB2374A54A00368E40 /* SelectPlaceTableViewController.swift in Sources */,
				B666A1F4237B07B8006C3B44 /* CreditCardViewController.swift in Sources */,
			);
			runOnlyForDeploymentPostprocessing = 0;
		};
/* End PBXSourcesBuildPhase section */

/* Begin PBXVariantGroup section */
		B643CBE723749A3B00368E40 /* LaunchScreen.storyboard */ = {
			isa = PBXVariantGroup;
			children = (
				B643CBE823749A3B00368E40 /* Base */,
			);
			name = LaunchScreen.storyboard;
			sourceTree = "<group>";
		};
/* End PBXVariantGroup section */

/* Begin XCBuildConfiguration section */
		B643CBEB23749A3B00368E40 /* Debug */ = {
			isa = XCBuildConfiguration;
			buildSettings = {
				ALWAYS_SEARCH_USER_PATHS = NO;
				CLANG_ANALYZER_NONNULL = YES;
				CLANG_ANALYZER_NUMBER_OBJECT_CONVERSION = YES_AGGRESSIVE;
				CLANG_CXX_LANGUAGE_STANDARD = "gnu++14";
				CLANG_CXX_LIBRARY = "libc++";
				CLANG_ENABLE_MODULES = YES;
				CLANG_ENABLE_OBJC_ARC = YES;
				CLANG_ENABLE_OBJC_WEAK = YES;
				CLANG_WARN_BLOCK_CAPTURE_AUTORELEASING = YES;
				CLANG_WARN_BOOL_CONVERSION = YES;
				CLANG_WARN_COMMA = YES;
				CLANG_WARN_CONSTANT_CONVERSION = YES;
				CLANG_WARN_DEPRECATED_OBJC_IMPLEMENTATIONS = YES;
				CLANG_WARN_DIRECT_OBJC_ISA_USAGE = YES_ERROR;
				CLANG_WARN_DOCUMENTATION_COMMENTS = YES;
				CLANG_WARN_EMPTY_BODY = YES;
				CLANG_WARN_ENUM_CONVERSION = YES;
				CLANG_WARN_INFINITE_RECURSION = YES;
				CLANG_WARN_INT_CONVERSION = YES;
				CLANG_WARN_NON_LITERAL_NULL_CONVERSION = YES;
				CLANG_WARN_OBJC_IMPLICIT_RETAIN_SELF = YES;
				CLANG_WARN_OBJC_LITERAL_CONVERSION = YES;
				CLANG_WARN_OBJC_ROOT_CLASS = YES_ERROR;
				CLANG_WARN_RANGE_LOOP_ANALYSIS = YES;
				CLANG_WARN_STRICT_PROTOTYPES = YES;
				CLANG_WARN_SUSPICIOUS_MOVE = YES;
				CLANG_WARN_UNGUARDED_AVAILABILITY = YES_AGGRESSIVE;
				CLANG_WARN_UNREACHABLE_CODE = YES;
				CLANG_WARN__DUPLICATE_METHOD_MATCH = YES;
				COPY_PHASE_STRIP = NO;
				DEBUG_INFORMATION_FORMAT = dwarf;
				ENABLE_STRICT_OBJC_MSGSEND = YES;
				ENABLE_TESTABILITY = YES;
				GCC_C_LANGUAGE_STANDARD = gnu11;
				GCC_DYNAMIC_NO_PIC = NO;
				GCC_NO_COMMON_BLOCKS = YES;
				GCC_OPTIMIZATION_LEVEL = 0;
				GCC_PREPROCESSOR_DEFINITIONS = (
					"DEBUG=1",
					"$(inherited)",
				);
				GCC_WARN_64_TO_32_BIT_CONVERSION = YES;
				GCC_WARN_ABOUT_RETURN_TYPE = YES_ERROR;
				GCC_WARN_UNDECLARED_SELECTOR = YES;
				GCC_WARN_UNINITIALIZED_AUTOS = YES_AGGRESSIVE;
				GCC_WARN_UNUSED_FUNCTION = YES;
				GCC_WARN_UNUSED_VARIABLE = YES;
				IPHONEOS_DEPLOYMENT_TARGET = 13.2;
				MTL_ENABLE_DEBUG_INFO = INCLUDE_SOURCE;
				MTL_FAST_MATH = YES;
				ONLY_ACTIVE_ARCH = YES;
				SDKROOT = iphoneos;
				SWIFT_ACTIVE_COMPILATION_CONDITIONS = DEBUG;
				SWIFT_OPTIMIZATION_LEVEL = "-Onone";
			};
			name = Debug;
		};
		B643CBEC23749A3B00368E40 /* Release */ = {
			isa = XCBuildConfiguration;
			buildSettings = {
				ALWAYS_SEARCH_USER_PATHS = NO;
				CLANG_ANALYZER_NONNULL = YES;
				CLANG_ANALYZER_NUMBER_OBJECT_CONVERSION = YES_AGGRESSIVE;
				CLANG_CXX_LANGUAGE_STANDARD = "gnu++14";
				CLANG_CXX_LIBRARY = "libc++";
				CLANG_ENABLE_MODULES = YES;
				CLANG_ENABLE_OBJC_ARC = YES;
				CLANG_ENABLE_OBJC_WEAK = YES;
				CLANG_WARN_BLOCK_CAPTURE_AUTORELEASING = YES;
				CLANG_WARN_BOOL_CONVERSION = YES;
				CLANG_WARN_COMMA = YES;
				CLANG_WARN_CONSTANT_CONVERSION = YES;
				CLANG_WARN_DEPRECATED_OBJC_IMPLEMENTATIONS = YES;
				CLANG_WARN_DIRECT_OBJC_ISA_USAGE = YES_ERROR;
				CLANG_WARN_DOCUMENTATION_COMMENTS = YES;
				CLANG_WARN_EMPTY_BODY = YES;
				CLANG_WARN_ENUM_CONVERSION = YES;
				CLANG_WARN_INFINITE_RECURSION = YES;
				CLANG_WARN_INT_CONVERSION = YES;
				CLANG_WARN_NON_LITERAL_NULL_CONVERSION = YES;
				CLANG_WARN_OBJC_IMPLICIT_RETAIN_SELF = YES;
				CLANG_WARN_OBJC_LITERAL_CONVERSION = YES;
				CLANG_WARN_OBJC_ROOT_CLASS = YES_ERROR;
				CLANG_WARN_RANGE_LOOP_ANALYSIS = YES;
				CLANG_WARN_STRICT_PROTOTYPES = YES;
				CLANG_WARN_SUSPICIOUS_MOVE = YES;
				CLANG_WARN_UNGUARDED_AVAILABILITY = YES_AGGRESSIVE;
				CLANG_WARN_UNREACHABLE_CODE = YES;
				CLANG_WARN__DUPLICATE_METHOD_MATCH = YES;
				COPY_PHASE_STRIP = NO;
				DEBUG_INFORMATION_FORMAT = "dwarf-with-dsym";
				ENABLE_NS_ASSERTIONS = NO;
				ENABLE_STRICT_OBJC_MSGSEND = YES;
				GCC_C_LANGUAGE_STANDARD = gnu11;
				GCC_NO_COMMON_BLOCKS = YES;
				GCC_WARN_64_TO_32_BIT_CONVERSION = YES;
				GCC_WARN_ABOUT_RETURN_TYPE = YES_ERROR;
				GCC_WARN_UNDECLARED_SELECTOR = YES;
				GCC_WARN_UNINITIALIZED_AUTOS = YES_AGGRESSIVE;
				GCC_WARN_UNUSED_FUNCTION = YES;
				GCC_WARN_UNUSED_VARIABLE = YES;
				IPHONEOS_DEPLOYMENT_TARGET = 13.2;
				MTL_ENABLE_DEBUG_INFO = NO;
				MTL_FAST_MATH = YES;
				SDKROOT = iphoneos;
				SWIFT_COMPILATION_MODE = wholemodule;
				SWIFT_OPTIMIZATION_LEVEL = "-O";
				VALIDATE_PRODUCT = YES;
			};
			name = Release;
		};
		B643CBEE23749A3B00368E40 /* Debug */ = {
			isa = XCBuildConfiguration;
			buildSettings = {
				ASSETCATALOG_COMPILER_APPICON_NAME = AppIcon;
				CODE_SIGN_IDENTITY = "Apple Development";
				CODE_SIGN_STYLE = Automatic;
				DEVELOPMENT_TEAM = 2FXPMLN8LH;
				INFOPLIST_FILE = "TesteGooglePlaces/Supporting Files/Info.plist";
				LD_RUNPATH_SEARCH_PATHS = (
					"$(inherited)",
					"@executable_path/Frameworks",
				);
				PRODUCT_BUNDLE_IDENTIFIER = com.projects.kelvinmachado.TesteGooglePlaces;
				PRODUCT_NAME = "$(TARGET_NAME)";
				PROVISIONING_PROFILE_SPECIFIER = "";
				SWIFT_VERSION = 5.0;
				TARGETED_DEVICE_FAMILY = "1,2";
			};
			name = Debug;
		};
		B643CBEF23749A3B00368E40 /* Release */ = {
			isa = XCBuildConfiguration;
			buildSettings = {
				ASSETCATALOG_COMPILER_APPICON_NAME = AppIcon;
				CODE_SIGN_IDENTITY = "Apple Development";
				CODE_SIGN_STYLE = Automatic;
				DEVELOPMENT_TEAM = 2FXPMLN8LH;
				INFOPLIST_FILE = "TesteGooglePlaces/Supporting Files/Info.plist";
				LD_RUNPATH_SEARCH_PATHS = (
					"$(inherited)",
					"@executable_path/Frameworks",
				);
				PRODUCT_BUNDLE_IDENTIFIER = com.projects.kelvinmachado.TesteGooglePlaces;
				PRODUCT_NAME = "$(TARGET_NAME)";
				PROVISIONING_PROFILE_SPECIFIER = "";
				SWIFT_VERSION = 5.0;
				TARGETED_DEVICE_FAMILY = "1,2";
			};
			name = Release;
		};
/* End XCBuildConfiguration section */

/* Begin XCConfigurationList section */
		B643CBD423749A3900368E40 /* Build configuration list for PBXProject "TesteGooglePlaces" */ = {
			isa = XCConfigurationList;
			buildConfigurations = (
				B643CBEB23749A3B00368E40 /* Debug */,
				B643CBEC23749A3B00368E40 /* Release */,
			);
			defaultConfigurationIsVisible = 0;
			defaultConfigurationName = Release;
		};
		B643CBED23749A3B00368E40 /* Build configuration list for PBXNativeTarget "TesteGooglePlaces" */ = {
			isa = XCConfigurationList;
			buildConfigurations = (
				B643CBEE23749A3B00368E40 /* Debug */,
				B643CBEF23749A3B00368E40 /* Release */,
			);
			defaultConfigurationIsVisible = 0;
			defaultConfigurationName = Release;
		};
/* End XCConfigurationList section */
	};
	rootObject = B643CBD123749A3900368E40 /* Project object */;
}
